
Microsoft Visual Studio Solution File, Format Version 12.00
# Visual Studio Version 16
VisualStudioVersion = 16.0.29111.141
MinimumVisualStudioVersion = 10.0.40219.1
Project("{FAE04EC0-301F-11D3-BF4B-00C04F79EFBC}") = "计算器", "计算器.csproj", "{DA890A06-9EBF-4E47-89F0-D863AA120F1B}"
EndProject
Global
	GlobalSection(SolutionConfigurationPlatforms) = preSolution
		Debug|Any CPU = Debug|Any CPU
		Release|Any CPU = Release|Any CPU
	EndGlobalSection
	GlobalSection(ProjectConfigurationPlatforms) = postSolution
		{DA890A06-9EBF-4E47-89F0-D863AA120F1B}.Debug|Any CPU.ActiveCfg = Debug|Any CPU
		{DA890A06-9EBF-4E47-89F0-D863AA120F1B}.Debug|Any CPU.Build.0 = Debug|Any CPU
		{DA890A06-9EBF-4E47-89F0-D863AA120F1B}.Release|Any CPU.ActiveCfg = Release|Any CPU
		{DA890A06-9EBF-4E47-89F0-D863AA120F1B}.Release|Any CPU.Build.0 = Release|Any CPU
	EndGlobalSection
	GlobalSection(SolutionProperties) = preSolution
		HideSolutionNode = FALSE
	EndGlobalSection
	GlobalSection(ExtensibilityGlobals) = postSolution
		SolutionGuid = {7CAC92A7-087B-4FB0-937D-DA6D27336D1A}
	EndGlobalSection
EndGlobal
